<?xml version="1.0" encoding="utf-8"?>
<Project ToolsVersion="4.0" xmlns="http://schemas.microsoft.com/developer/msbuild/2003">
  <ItemGroup>
    <Filter Include="Future">
      <UniqueIdentifier>{80F0AEB3-6C92-D989-554D-EDDD418E60DA}</UniqueIdentifier>
    </Filter>
    <Filter Include="Future\Events">
      <UniqueIdentifier>{640CE1A7-D0CC-5CDE-9907-A65B0587A1BA}</UniqueIdentifier>
    </Filter>
  </ItemGroup>
  <ItemGroup>
    <ClInclude Include="src\Future.h" />
    <ClInclude Include="src\Future\Application.h">
      <Filter>Future</Filter>
    </ClInclude>
    <ClInclude Include="src\Future\Core.h">
      <Filter>Future</Filter>
    </ClInclude>
    <ClInclude Include="src\Future\EntryPoint.h">
      <Filter>Future</Filter>
    </ClInclude>
    <ClInclude Include="src\Future\Events\ApplicationEvent.h">
      <Filter>Future\Events</Filter>
    </ClInclude>
    <ClInclude Include="src\Future\Events\Event.h">
      <Filter>Future\Events</Filter>
    </ClInclude>
    <ClInclude Include="src\Future\Events\KeyEvent.h">
      <Filter>Future\Events</Filter>
    </ClInclude>
    <ClInclude Include="src\Future\Events\MouseEvent.h">
      <Filter>Future\Events</Filter>
    </ClInclude>
    <ClInclude Include="src\Future\Log.h">
      <Filter>Future</Filter>
    </ClInclude>
    <ClInclude Include="src\ftpch.h" />
  </ItemGroup>
  <ItemGroup>
    <ClCompile Include="src\Future\Application.cpp">
      <Filter>Future</Filter>
    </ClCompile>
    <ClCompile Include="src\Future\Log.cpp">
      <Filter>Future</Filter>
    </ClCompile>
    <ClCompile Include="src\ftpch.cpp" />
  </ItemGroup>
</Project>