<?xml version="1.0" encoding="utf-8"?>
<Project ToolsVersion="4.0" xmlns="http://schemas.microsoft.com/developer/msbuild/2003">
  <ItemGroup>
    <Filter Include="Future">
      <UniqueIdentifier>{80F0AEB3-6C92-D989-554D-EDDD418E60DA}</UniqueIdentifier>
    </Filter>
    <Filter Include="Future\Events">
      <UniqueIdentifier>{640CE1A7-D0CC-5CDE-9907-A65B0587A1BA}</UniqueIdentifier>
    </Filter>
    <Filter Include="Future\ImGui">
      <UniqueIdentifier>{AAC549C7-9628-D96B-3FAE-11222BF0A4EE}</UniqueIdentifier>
    </Filter>
    <Filter Include="Future\Platform">
      <UniqueIdentifier>{D4BC7340-4048-E104-4959-64F9B5633D05}</UniqueIdentifier>
    </Filter>
    <Filter Include="Future\Platform\OpenGL">
      <UniqueIdentifier>{882F49C2-7429-7214-5D96-0825492FD880}</UniqueIdentifier>
    </Filter>
    <Filter Include="Future\Platform\Windows">
      <UniqueIdentifier>{0EFB8A63-7A32-D3FA-833C-371EEFF2F9F3}</UniqueIdentifier>
    </Filter>
  </ItemGroup>
  <ItemGroup>
    <ClInclude Include="src\Future.h" />
    <ClInclude Include="src\Future\Application.h">
      <Filter>Future</Filter>
    </ClInclude>
    <ClInclude Include="src\Future\Core.h">
      <Filter>Future</Filter>
    </ClInclude>
    <ClInclude Include="src\Future\EntryPoint.h">
      <Filter>Future</Filter>
    </ClInclude>
    <ClInclude Include="src\Future\Events\ApplicationEvent.h">
      <Filter>Future\Events</Filter>
    </ClInclude>
    <ClInclude Include="src\Future\Events\Event.h">
      <Filter>Future\Events</Filter>
    </ClInclude>
    <ClInclude Include="src\Future\Events\KeyEvent.h">
      <Filter>Future\Events</Filter>
    </ClInclude>
    <ClInclude Include="src\Future\Events\MouseEvent.h">
      <Filter>Future\Events</Filter>
    </ClInclude>
    <ClInclude Include="src\Future\ImGui\ImGuiLayer.h">
      <Filter>Future\ImGui</Filter>
    </ClInclude>
    <ClInclude Include="src\Future\Input.h">
      <Filter>Future</Filter>
    </ClInclude>
    <ClInclude Include="src\Future\Layer.h">
      <Filter>Future</Filter>
    </ClInclude>
    <ClInclude Include="src\Future\LayerStack.h">
      <Filter>Future</Filter>
    </ClInclude>
    <ClInclude Include="src\Future\Log.h">
      <Filter>Future</Filter>
    </ClInclude>
    <ClInclude Include="src\Future\Platform\OpenGL\ImGuiOpenGLRenderer.h">
      <Filter>Future\Platform\OpenGL</Filter>
    </ClInclude>
    <ClInclude Include="src\Future\Platform\Windows\WindowsInput.h">
      <Filter>Future\Platform\Windows</Filter>
    </ClInclude>
    <ClInclude Include="src\Future\Platform\Windows\WindowsWindow.h">
      <Filter>Future\Platform\Windows</Filter>
    </ClInclude>
    <ClInclude Include="src\Future\Window.h">
      <Filter>Future</Filter>
    </ClInclude>
    <ClInclude Include="src\ftpch.h" />
    <ClInclude Include="src\Future\KeyCodes.h" />
    <ClInclude Include="src\Future\MouseButtonCodes.h" />
  </ItemGroup>
  <ItemGroup>
    <ClCompile Include="src\Future\Application.cpp">
      <Filter>Future</Filter>
    </ClCompile>
    <ClCompile Include="src\Future\ImGui\ImGuiLayer.cpp">
      <Filter>Future\ImGui</Filter>
    </ClCompile>
    <ClCompile Include="src\Future\Layer.cpp">
      <Filter>Future</Filter>
    </ClCompile>
    <ClCompile Include="src\Future\LayerStack.cpp">
      <Filter>Future</Filter>
    </ClCompile>
    <ClCompile Include="src\Future\Log.cpp">
      <Filter>Future</Filter>
    </ClCompile>
    <ClCompile Include="src\Future\Platform\OpenGL\ImGuiOpenGLRenderer.cpp">
      <Filter>Future\Platform\OpenGL</Filter>
    </ClCompile>
    <ClCompile Include="src\Future\Platform\Windows\WindowsInput.cpp">
      <Filter>Future\Platform\Windows</Filter>
    </ClCompile>
    <ClCompile Include="src\Future\Platform\Windows\WindowsWindow.cpp">
      <Filter>Future\Platform\Windows</Filter>
    </ClCompile>
    <ClCompile Include="src\ftpch.cpp" />
  </ItemGroup>
</Project>